
Microsoft Visual Studio Solution File, Format Version 12.00
# Visual Studio Version 16
VisualStudioVersion = 16.0.32901.82
MinimumVisualStudioVersion = 10.0.40219.1
Project("{9A19103F-16F7-4668-BE54-9A1E7A4F7556}") = "EFCoreDemo1", "EFCoreDemo1.csproj", "{5949DD40-E8B8-48A7-ACE4-770EF45BC10C}"
EndProject
Project("{FAE04EC0-301F-11D3-BF4B-00C04F79EFBC}") = "EFCoreDemo2", "..\EFCoreDemo2\EFCoreDemo2.csproj", "{EC2FD86C-6DEC-41EB-9537-F578326E577D}"
EndProject
Global
	GlobalSection(SolutionConfigurationPlatforms) = preSolution
		Debug|Any CPU = Debug|Any CPU
		Release|Any CPU = Release|Any CPU
	EndGlobalSection
	GlobalSection(ProjectConfigurationPlatforms) = postSolution
		{5949DD40-E8B8-48A7-ACE4-770EF45BC10C}.Debug|Any CPU.ActiveCfg = Debug|Any CPU
		{5949DD40-E8B8-48A7-ACE4-770EF45BC10C}.Debug|Any CPU.Build.0 = Debug|Any CPU
		{5949DD40-E8B8-48A7-ACE4-770EF45BC10C}.Release|Any CPU.ActiveCfg = Release|Any CPU
		{5949DD40-E8B8-48A7-ACE4-770EF45BC10C}.Release|Any CPU.Build.0 = Release|Any CPU
		{EC2FD86C-6DEC-41EB-9537-F578326E577D}.Debug|Any CPU.ActiveCfg = Debug|Any CPU
		{EC2FD86C-6DEC-41EB-9537-F578326E577D}.Debug|Any CPU.Build.0 = Debug|Any CPU
		{EC2FD86C-6DEC-41EB-9537-F578326E577D}.Release|Any CPU.ActiveCfg = Release|Any CPU
		{EC2FD86C-6DEC-41EB-9537-F578326E577D}.Release|Any CPU.Build.0 = Release|Any CPU
	EndGlobalSection
	GlobalSection(SolutionProperties) = preSolution
		HideSolutionNode = FALSE
	EndGlobalSection
	GlobalSection(ExtensibilityGlobals) = postSolution
		SolutionGuid = {6F07A744-C328-4B26-8C70-A38A9E029574}
	EndGlobalSection
EndGlobal
