
Microsoft Visual Studio Solution File, Format Version 12.00
# Visual Studio Version 16
VisualStudioVersion = 16.0.32901.82
MinimumVisualStudioVersion = 10.0.40219.1
Project("{FAE04EC0-301F-11D3-BF4B-00C04F79EFBC}") = "LoggingDemo1", "LoggingDemo1.csproj", "{77646BB2-DC82-4022-BEB9-B9D0204DCD0C}"
EndProject
Global
	GlobalSection(SolutionConfigurationPlatforms) = preSolution
		Debug|Any CPU = Debug|Any CPU
		Release|Any CPU = Release|Any CPU
	EndGlobalSection
	GlobalSection(ProjectConfigurationPlatforms) = postSolution
		{77646BB2-DC82-4022-BEB9-B9D0204DCD0C}.Debug|Any CPU.ActiveCfg = Debug|Any CPU
		{77646BB2-DC82-4022-BEB9-B9D0204DCD0C}.Debug|Any CPU.Build.0 = Debug|Any CPU
		{77646BB2-DC82-4022-BEB9-B9D0204DCD0C}.Release|Any CPU.ActiveCfg = Release|Any CPU
		{77646BB2-DC82-4022-BEB9-B9D0204DCD0C}.Release|Any CPU.Build.0 = Release|Any CPU
	EndGlobalSection
	GlobalSection(SolutionProperties) = preSolution
		HideSolutionNode = FALSE
	EndGlobalSection
	GlobalSection(ExtensibilityGlobals) = postSolution
		SolutionGuid = {9064122A-4B55-4989-B678-37035999C78A}
	EndGlobalSection
EndGlobal
